
Microsoft Visual Studio Solution File, Format Version 12.00
# Visual Studio Version 17
VisualStudioVersion = 17.2.32526.322
MinimumVisualStudioVersion = 10.0.40219.1
Project("{9A19103F-16F7-4668-BE54-9A1E7A4F7556}") = "IceBloc", "IceBloc\IceBloc.csproj", "{8B9CE586-B15D-4F54-B59E-CB5E733F8431}"
EndProject
Project("{9A19103F-16F7-4668-BE54-9A1E7A4F7556}") = "IceBlocCLI", "IceBlocCLI\IceBlocCLI.csproj", "{EBCB01E7-BE1C-4DBC-9727-61061580EC87}"
EndProject
Project("{FAE04EC0-301F-11D3-BF4B-00C04F79EFBC}") = "IceBlocLib.Frostbite2", "IceBlocLib.Frostbite2\IceBlocLib.Frostbite2.csproj", "{46BCA599-4385-474D-891D-6BCA72A0C818}"
EndProject
Project("{FAE04EC0-301F-11D3-BF4B-00C04F79EFBC}") = "IceBlocLib.Utility", "IceBlocLib.Utility\IceBlocLib.Utility.csproj", "{11F75D2B-FB69-45C2-917B-9B939D423144}"
EndProject
Project("{FAE04EC0-301F-11D3-BF4B-00C04F79EFBC}") = "IceBlocLib.Frostbite2013", "IceBlocLib.Frostbite2013\IceBlocLib.Frostbite2013.csproj", "{1BB5062F-9051-4067-A743-8DEB15D9B84F}"
EndProject
Project("{FAE04EC0-301F-11D3-BF4B-00C04F79EFBC}") = "IceBlocLib", "IceBlocLib\IceBlocLib.csproj", "{0CF64F2F-B063-495C-86A4-AB48C7D1467F}"
EndProject
Global
	GlobalSection(SolutionConfigurationPlatforms) = preSolution
		Debug|Any CPU = Debug|Any CPU
		Debug|x64 = Debug|x64
		Release|Any CPU = Release|Any CPU
		Release|x64 = Release|x64
	EndGlobalSection
	GlobalSection(ProjectConfigurationPlatforms) = postSolution
		{8B9CE586-B15D-4F54-B59E-CB5E733F8431}.Debug|Any CPU.ActiveCfg = Debug|Any CPU
		{8B9CE586-B15D-4F54-B59E-CB5E733F8431}.Debug|Any CPU.Build.0 = Debug|Any CPU
		{8B9CE586-B15D-4F54-B59E-CB5E733F8431}.Debug|x64.ActiveCfg = Debug|x64
		{8B9CE586-B15D-4F54-B59E-CB5E733F8431}.Debug|x64.Build.0 = Debug|x64
		{8B9CE586-B15D-4F54-B59E-CB5E733F8431}.Release|Any CPU.ActiveCfg = Release|Any CPU
		{8B9CE586-B15D-4F54-B59E-CB5E733F8431}.Release|Any CPU.Build.0 = Release|Any CPU
		{8B9CE586-B15D-4F54-B59E-CB5E733F8431}.Release|x64.ActiveCfg = Release|x64
		{8B9CE586-B15D-4F54-B59E-CB5E733F8431}.Release|x64.Build.0 = Release|x64
		{EBCB01E7-BE1C-4DBC-9727-61061580EC87}.Debug|Any CPU.ActiveCfg = Debug|Any CPU
		{EBCB01E7-BE1C-4DBC-9727-61061580EC87}.Debug|Any CPU.Build.0 = Debug|Any CPU
		{EBCB01E7-BE1C-4DBC-9727-61061580EC87}.Debug|x64.ActiveCfg = Debug|x64
		{EBCB01E7-BE1C-4DBC-9727-61061580EC87}.Debug|x64.Build.0 = Debug|x64
		{EBCB01E7-BE1C-4DBC-9727-61061580EC87}.Release|Any CPU.ActiveCfg = Release|Any CPU
		{EBCB01E7-BE1C-4DBC-9727-61061580EC87}.Release|Any CPU.Build.0 = Release|Any CPU
		{EBCB01E7-BE1C-4DBC-9727-61061580EC87}.Release|x64.ActiveCfg = Release|x64
		{EBCB01E7-BE1C-4DBC-9727-61061580EC87}.Release|x64.Build.0 = Release|x64
		{46BCA599-4385-474D-891D-6BCA72A0C818}.Debug|Any CPU.ActiveCfg = Debug|Any CPU
		{46BCA599-4385-474D-891D-6BCA72A0C818}.Debug|Any CPU.Build.0 = Debug|Any CPU
		{46BCA599-4385-474D-891D-6BCA72A0C818}.Debug|x64.ActiveCfg = Debug|Any CPU
		{46BCA599-4385-474D-891D-6BCA72A0C818}.Debug|x64.Build.0 = Debug|Any CPU
		{46BCA599-4385-474D-891D-6BCA72A0C818}.Release|Any CPU.ActiveCfg = Release|Any CPU
		{46BCA599-4385-474D-891D-6BCA72A0C818}.Release|Any CPU.Build.0 = Release|Any CPU
		{46BCA599-4385-474D-891D-6BCA72A0C818}.Release|x64.ActiveCfg = Release|Any CPU
		{46BCA599-4385-474D-891D-6BCA72A0C818}.Release|x64.Build.0 = Release|Any CPU
		{11F75D2B-FB69-45C2-917B-9B939D423144}.Debug|Any CPU.ActiveCfg = Debug|Any CPU
		{11F75D2B-FB69-45C2-917B-9B939D423144}.Debug|Any CPU.Build.0 = Debug|Any CPU
		{11F75D2B-FB69-45C2-917B-9B939D423144}.Debug|x64.ActiveCfg = Debug|Any CPU
		{11F75D2B-FB69-45C2-917B-9B939D423144}.Debug|x64.Build.0 = Debug|Any CPU
		{11F75D2B-FB69-45C2-917B-9B939D423144}.Release|Any CPU.ActiveCfg = Release|Any CPU
		{11F75D2B-FB69-45C2-917B-9B939D423144}.Release|Any CPU.Build.0 = Release|Any CPU
		{11F75D2B-FB69-45C2-917B-9B939D423144}.Release|x64.ActiveCfg = Release|Any CPU
		{11F75D2B-FB69-45C2-917B-9B939D423144}.Release|x64.Build.0 = Release|Any CPU
		{1BB5062F-9051-4067-A743-8DEB15D9B84F}.Debug|Any CPU.ActiveCfg = Debug|Any CPU
		{1BB5062F-9051-4067-A743-8DEB15D9B84F}.Debug|Any CPU.Build.0 = Debug|Any CPU
		{1BB5062F-9051-4067-A743-8DEB15D9B84F}.Debug|x64.ActiveCfg = Debug|Any CPU
		{1BB5062F-9051-4067-A743-8DEB15D9B84F}.Debug|x64.Build.0 = Debug|Any CPU
		{1BB5062F-9051-4067-A743-8DEB15D9B84F}.Release|Any CPU.ActiveCfg = Release|Any CPU
		{1BB5062F-9051-4067-A743-8DEB15D9B84F}.Release|Any CPU.Build.0 = Release|Any CPU
		{1BB5062F-9051-4067-A743-8DEB15D9B84F}.Release|x64.ActiveCfg = Release|Any CPU
		{1BB5062F-9051-4067-A743-8DEB15D9B84F}.Release|x64.Build.0 = Release|Any CPU
		{0CF64F2F-B063-495C-86A4-AB48C7D1467F}.Debug|Any CPU.ActiveCfg = Debug|Any CPU
		{0CF64F2F-B063-495C-86A4-AB48C7D1467F}.Debug|Any CPU.Build.0 = Debug|Any CPU
		{0CF64F2F-B063-495C-86A4-AB48C7D1467F}.Debug|x64.ActiveCfg = Debug|Any CPU
		{0CF64F2F-B063-495C-86A4-AB48C7D1467F}.Debug|x64.Build.0 = Debug|Any CPU
		{0CF64F2F-B063-495C-86A4-AB48C7D1467F}.Release|Any CPU.ActiveCfg = Release|Any CPU
		{0CF64F2F-B063-495C-86A4-AB48C7D1467F}.Release|Any CPU.Build.0 = Release|Any CPU
		{0CF64F2F-B063-495C-86A4-AB48C7D1467F}.Release|x64.ActiveCfg = Release|Any CPU
		{0CF64F2F-B063-495C-86A4-AB48C7D1467F}.Release|x64.Build.0 = Release|Any CPU
	EndGlobalSection
	GlobalSection(SolutionProperties) = preSolution
		HideSolutionNode = FALSE
	EndGlobalSection
	GlobalSection(ExtensibilityGlobals) = postSolution
		SolutionGuid = {8CC2A0BA-446E-49EB-82ED-FEE644D62AD8}
	EndGlobalSection
EndGlobal
