
Microsoft Visual Studio Solution File, Format Version 12.00
# Visual Studio Version 17
VisualStudioVersion = 17.2.32526.322
MinimumVisualStudioVersion = 10.0.40219.1
Project("{9A19103F-16F7-4668-BE54-9A1E7A4F7556}") = "IceBloc", "IceBloc.csproj", "{C99A1000-81F2-418E-9867-97888406B1D2}"
EndProject
Global
	GlobalSection(SolutionConfigurationPlatforms) = preSolution
		Debug|Any CPU = Debug|Any CPU
		Release|Any CPU = Release|Any CPU
	EndGlobalSection
	GlobalSection(ProjectConfigurationPlatforms) = postSolution
		{C99A1000-81F2-418E-9867-97888406B1D2}.Debug|Any CPU.ActiveCfg = Debug|Any CPU
		{C99A1000-81F2-418E-9867-97888406B1D2}.Debug|Any CPU.Build.0 = Debug|Any CPU
		{C99A1000-81F2-418E-9867-97888406B1D2}.Release|Any CPU.ActiveCfg = Release|Any CPU
		{C99A1000-81F2-418E-9867-97888406B1D2}.Release|Any CPU.Build.0 = Release|Any CPU
	EndGlobalSection
	GlobalSection(SolutionProperties) = preSolution
		HideSolutionNode = FALSE
	EndGlobalSection
	GlobalSection(ExtensibilityGlobals) = postSolution
		SolutionGuid = {8CC2A0BA-446E-49EB-82ED-FEE644D62AD8}
	EndGlobalSection
EndGlobal
